
Microsoft Visual Studio Solution File, Format Version 12.00
# Visual Studio Version 16
VisualStudioVersion = 16.0.31613.86
MinimumVisualStudioVersion = 10.0.40219.1
Project("{E24C65DC-7377-472B-9ABA-BC803B73C61A}") = "ipmsCenter", ".", "{3C0CC45F-4911-4FA0-98F8-B4FD4A066EEA}"
	ProjectSection(WebsiteProperties) = preProject
		TargetFrameworkMoniker = ".NETFramework,Version%3Dv4.0"
		Debug.AspNetCompiler.VirtualPath = "/localhost_52087"
		Debug.AspNetCompiler.PhysicalPath = "..\..\..\..\..\ipmsCenter\"
		Debug.AspNetCompiler.TargetPath = "PrecompiledWeb\localhost_52087\"
		Debug.AspNetCompiler.Updateable = "true"
		Debug.AspNetCompiler.ForceOverwrite = "true"
		Debug.AspNetCompiler.FixedNames = "false"
		Debug.AspNetCompiler.Debug = "True"
		Release.AspNetCompiler.VirtualPath = "/localhost_52087"
		Release.AspNetCompiler.PhysicalPath = "..\..\..\..\..\ipmsCenter\"
		Release.AspNetCompiler.TargetPath = "PrecompiledWeb\localhost_52087\"
		Release.AspNetCompiler.Updateable = "true"
		Release.AspNetCompiler.ForceOverwrite = "true"
		Release.AspNetCompiler.FixedNames = "false"
		Release.AspNetCompiler.Debug = "False"
		VWDPort = "52087"
	EndProjectSection
EndProject
Global
	GlobalSection(SolutionConfigurationPlatforms) = preSolution
		Debug|Any CPU = Debug|Any CPU
	EndGlobalSection
	GlobalSection(ProjectConfigurationPlatforms) = postSolution
		{3C0CC45F-4911-4FA0-98F8-B4FD4A066EEA}.Debug|Any CPU.ActiveCfg = Debug|Any CPU
		{3C0CC45F-4911-4FA0-98F8-B4FD4A066EEA}.Debug|Any CPU.Build.0 = Debug|Any CPU
	EndGlobalSection
	GlobalSection(SolutionProperties) = preSolution
		HideSolutionNode = FALSE
	EndGlobalSection
	GlobalSection(ExtensibilityGlobals) = postSolution
		SolutionGuid = {1DE51CA4-7916-482F-A28E-6EA1BEB3C56C}
	EndGlobalSection
EndGlobal
